
Microsoft Visual Studio Solution File, Format Version 12.00
Project("{FAE04EC0-301F-11D3-BF4B-00C04F79EFBC}") = "lab02", "lab02\lab02.csproj", "{97D96DDF-7D7B-44A3-8623-9696DA252BC1}"
EndProject
Project("{FAE04EC0-301F-11D3-BF4B-00C04F79EFBC}") = "UnitTests", "UnitTests\UnitTests.csproj", "{3AA9B16C-19D6-424D-962D-D37C2F9A0F1E}"
EndProject
Project("{FAE04EC0-301F-11D3-BF4B-00C04F79EFBC}") = "UI", "UI\UI.csproj", "{20B69643-E7CF-4A0B-9023-DAEAF15D7A7A}"
EndProject
Global
	GlobalSection(SolutionConfigurationPlatforms) = preSolution
		Debug|Any CPU = Debug|Any CPU
		Release|Any CPU = Release|Any CPU
	EndGlobalSection
	GlobalSection(ProjectConfigurationPlatforms) = postSolution
		{97D96DDF-7D7B-44A3-8623-9696DA252BC1}.Debug|Any CPU.ActiveCfg = Debug|Any CPU
		{97D96DDF-7D7B-44A3-8623-9696DA252BC1}.Debug|Any CPU.Build.0 = Debug|Any CPU
		{97D96DDF-7D7B-44A3-8623-9696DA252BC1}.Release|Any CPU.ActiveCfg = Release|Any CPU
		{97D96DDF-7D7B-44A3-8623-9696DA252BC1}.Release|Any CPU.Build.0 = Release|Any CPU
		{3AA9B16C-19D6-424D-962D-D37C2F9A0F1E}.Debug|Any CPU.ActiveCfg = Debug|Any CPU
		{3AA9B16C-19D6-424D-962D-D37C2F9A0F1E}.Debug|Any CPU.Build.0 = Debug|Any CPU
		{3AA9B16C-19D6-424D-962D-D37C2F9A0F1E}.Release|Any CPU.ActiveCfg = Release|Any CPU
		{3AA9B16C-19D6-424D-962D-D37C2F9A0F1E}.Release|Any CPU.Build.0 = Release|Any CPU
		{20B69643-E7CF-4A0B-9023-DAEAF15D7A7A}.Debug|Any CPU.ActiveCfg = Debug|Any CPU
		{20B69643-E7CF-4A0B-9023-DAEAF15D7A7A}.Debug|Any CPU.Build.0 = Debug|Any CPU
		{20B69643-E7CF-4A0B-9023-DAEAF15D7A7A}.Release|Any CPU.ActiveCfg = Release|Any CPU
		{20B69643-E7CF-4A0B-9023-DAEAF15D7A7A}.Release|Any CPU.Build.0 = Release|Any CPU
	EndGlobalSection
EndGlobal
